
Microsoft Visual Studio Solution File, Format Version 12.00
# Visual Studio Version 17
VisualStudioVersion = 17.2.32616.157
MinimumVisualStudioVersion = 10.0.40219.1
Project("{9A19103F-16F7-4668-BE54-9A1E7A4F7556}") = "YouTubeStreamsExtractor", "YouTubeStreamsExtractor\YouTubeStreamsExtractor.csproj", "{FDD9270C-DC84-4917-B1FE-486F2BEB81C7}"
EndProject
Project("{9A19103F-16F7-4668-BE54-9A1E7A4F7556}") = "YouTubeStreamsExtractor.Tests", "YouTubeStreamsExtractor.Tests\YouTubeStreamsExtractor.Tests.csproj", "{F9F38459-0783-47A5-9EC1-FDDC89C10B63}"
EndProject
Project("{9A19103F-16F7-4668-BE54-9A1E7A4F7556}") = "ExampleConsoleApp", "ExampleConsoleApp\ExampleConsoleApp.csproj", "{5927FD2E-6251-4C66-BAE7-53C687BD58BE}"
EndProject
Project("{9A19103F-16F7-4668-BE54-9A1E7A4F7556}") = "YouTubeStreamsExtractor.JsEngine.JavaScriptEngineSwitcher", "YouTubeStreamsExtractor.JsEngine.JavaScriptEngineSwitcher\YouTubeStreamsExtractor.JsEngine.JavaScriptEngineSwitcher.csproj", "{3A0FF870-B250-4613-A446-420B558852B6}"
EndProject
Project("{9A19103F-16F7-4668-BE54-9A1E7A4F7556}") = "YouTubeStreamsExtractor.JsEngine.AndroidWebView", "YouTubeStreamsExtractor.JsEngine.AndroidWebView\YouTubeStreamsExtractor.JsEngine.AndroidWebView.csproj", "{42D6F2DE-4E38-4199-8622-FE8CF6F09F22}"
EndProject
Project("{9A19103F-16F7-4668-BE54-9A1E7A4F7556}") = "ExampleWinUI3App", "ExampleWinUI3App\ExampleWinUI3App.csproj", "{9F6D6BDF-7F4A-4941-B1A7-DDEFB8F6DEAE}"
EndProject
Project("{9A19103F-16F7-4668-BE54-9A1E7A4F7556}") = "Build", "Build\Build.csproj", "{B68EC02D-526B-4DAC-8593-3DAB80AB1510}"
EndProject
Global
	GlobalSection(SolutionConfigurationPlatforms) = preSolution
		Debug|Any CPU = Debug|Any CPU
		Debug|arm64 = Debug|arm64
		Debug|x64 = Debug|x64
		Debug|x86 = Debug|x86
		Release|Any CPU = Release|Any CPU
		Release|arm64 = Release|arm64
		Release|x64 = Release|x64
		Release|x86 = Release|x86
	EndGlobalSection
	GlobalSection(ProjectConfigurationPlatforms) = postSolution
		{FDD9270C-DC84-4917-B1FE-486F2BEB81C7}.Debug|Any CPU.ActiveCfg = Debug|Any CPU
		{FDD9270C-DC84-4917-B1FE-486F2BEB81C7}.Debug|Any CPU.Build.0 = Debug|Any CPU
		{FDD9270C-DC84-4917-B1FE-486F2BEB81C7}.Debug|arm64.ActiveCfg = Debug|Any CPU
		{FDD9270C-DC84-4917-B1FE-486F2BEB81C7}.Debug|arm64.Build.0 = Debug|Any CPU
		{FDD9270C-DC84-4917-B1FE-486F2BEB81C7}.Debug|x64.ActiveCfg = Debug|Any CPU
		{FDD9270C-DC84-4917-B1FE-486F2BEB81C7}.Debug|x64.Build.0 = Debug|Any CPU
		{FDD9270C-DC84-4917-B1FE-486F2BEB81C7}.Debug|x86.ActiveCfg = Debug|Any CPU
		{FDD9270C-DC84-4917-B1FE-486F2BEB81C7}.Debug|x86.Build.0 = Debug|Any CPU
		{FDD9270C-DC84-4917-B1FE-486F2BEB81C7}.Release|Any CPU.ActiveCfg = Release|Any CPU
		{FDD9270C-DC84-4917-B1FE-486F2BEB81C7}.Release|Any CPU.Build.0 = Release|Any CPU
		{FDD9270C-DC84-4917-B1FE-486F2BEB81C7}.Release|arm64.ActiveCfg = Release|Any CPU
		{FDD9270C-DC84-4917-B1FE-486F2BEB81C7}.Release|arm64.Build.0 = Release|Any CPU
		{FDD9270C-DC84-4917-B1FE-486F2BEB81C7}.Release|x64.ActiveCfg = Release|Any CPU
		{FDD9270C-DC84-4917-B1FE-486F2BEB81C7}.Release|x64.Build.0 = Release|Any CPU
		{FDD9270C-DC84-4917-B1FE-486F2BEB81C7}.Release|x86.ActiveCfg = Release|Any CPU
		{FDD9270C-DC84-4917-B1FE-486F2BEB81C7}.Release|x86.Build.0 = Release|Any CPU
		{F9F38459-0783-47A5-9EC1-FDDC89C10B63}.Debug|Any CPU.ActiveCfg = Debug|Any CPU
		{F9F38459-0783-47A5-9EC1-FDDC89C10B63}.Debug|Any CPU.Build.0 = Debug|Any CPU
		{F9F38459-0783-47A5-9EC1-FDDC89C10B63}.Debug|arm64.ActiveCfg = Debug|Any CPU
		{F9F38459-0783-47A5-9EC1-FDDC89C10B63}.Debug|arm64.Build.0 = Debug|Any CPU
		{F9F38459-0783-47A5-9EC1-FDDC89C10B63}.Debug|x64.ActiveCfg = Debug|Any CPU
		{F9F38459-0783-47A5-9EC1-FDDC89C10B63}.Debug|x64.Build.0 = Debug|Any CPU
		{F9F38459-0783-47A5-9EC1-FDDC89C10B63}.Debug|x86.ActiveCfg = Debug|Any CPU
		{F9F38459-0783-47A5-9EC1-FDDC89C10B63}.Debug|x86.Build.0 = Debug|Any CPU
		{F9F38459-0783-47A5-9EC1-FDDC89C10B63}.Release|Any CPU.ActiveCfg = Release|Any CPU
		{F9F38459-0783-47A5-9EC1-FDDC89C10B63}.Release|Any CPU.Build.0 = Release|Any CPU
		{F9F38459-0783-47A5-9EC1-FDDC89C10B63}.Release|arm64.ActiveCfg = Release|Any CPU
		{F9F38459-0783-47A5-9EC1-FDDC89C10B63}.Release|arm64.Build.0 = Release|Any CPU
		{F9F38459-0783-47A5-9EC1-FDDC89C10B63}.Release|x64.ActiveCfg = Release|Any CPU
		{F9F38459-0783-47A5-9EC1-FDDC89C10B63}.Release|x64.Build.0 = Release|Any CPU
		{F9F38459-0783-47A5-9EC1-FDDC89C10B63}.Release|x86.ActiveCfg = Release|Any CPU
		{F9F38459-0783-47A5-9EC1-FDDC89C10B63}.Release|x86.Build.0 = Release|Any CPU
		{5927FD2E-6251-4C66-BAE7-53C687BD58BE}.Debug|Any CPU.ActiveCfg = Debug|Any CPU
		{5927FD2E-6251-4C66-BAE7-53C687BD58BE}.Debug|Any CPU.Build.0 = Debug|Any CPU
		{5927FD2E-6251-4C66-BAE7-53C687BD58BE}.Debug|arm64.ActiveCfg = Debug|Any CPU
		{5927FD2E-6251-4C66-BAE7-53C687BD58BE}.Debug|arm64.Build.0 = Debug|Any CPU
		{5927FD2E-6251-4C66-BAE7-53C687BD58BE}.Debug|x64.ActiveCfg = Debug|Any CPU
		{5927FD2E-6251-4C66-BAE7-53C687BD58BE}.Debug|x64.Build.0 = Debug|Any CPU
		{5927FD2E-6251-4C66-BAE7-53C687BD58BE}.Debug|x86.ActiveCfg = Debug|Any CPU
		{5927FD2E-6251-4C66-BAE7-53C687BD58BE}.Debug|x86.Build.0 = Debug|Any CPU
		{5927FD2E-6251-4C66-BAE7-53C687BD58BE}.Release|Any CPU.ActiveCfg = Release|Any CPU
		{5927FD2E-6251-4C66-BAE7-53C687BD58BE}.Release|Any CPU.Build.0 = Release|Any CPU
		{5927FD2E-6251-4C66-BAE7-53C687BD58BE}.Release|arm64.ActiveCfg = Release|Any CPU
		{5927FD2E-6251-4C66-BAE7-53C687BD58BE}.Release|arm64.Build.0 = Release|Any CPU
		{5927FD2E-6251-4C66-BAE7-53C687BD58BE}.Release|x64.ActiveCfg = Release|Any CPU
		{5927FD2E-6251-4C66-BAE7-53C687BD58BE}.Release|x64.Build.0 = Release|Any CPU
		{5927FD2E-6251-4C66-BAE7-53C687BD58BE}.Release|x86.ActiveCfg = Release|Any CPU
		{5927FD2E-6251-4C66-BAE7-53C687BD58BE}.Release|x86.Build.0 = Release|Any CPU
		{3A0FF870-B250-4613-A446-420B558852B6}.Debug|Any CPU.ActiveCfg = Debug|Any CPU
		{3A0FF870-B250-4613-A446-420B558852B6}.Debug|Any CPU.Build.0 = Debug|Any CPU
		{3A0FF870-B250-4613-A446-420B558852B6}.Debug|arm64.ActiveCfg = Debug|Any CPU
		{3A0FF870-B250-4613-A446-420B558852B6}.Debug|arm64.Build.0 = Debug|Any CPU
		{3A0FF870-B250-4613-A446-420B558852B6}.Debug|x64.ActiveCfg = Debug|Any CPU
		{3A0FF870-B250-4613-A446-420B558852B6}.Debug|x64.Build.0 = Debug|Any CPU
		{3A0FF870-B250-4613-A446-420B558852B6}.Debug|x86.ActiveCfg = Debug|Any CPU
		{3A0FF870-B250-4613-A446-420B558852B6}.Debug|x86.Build.0 = Debug|Any CPU
		{3A0FF870-B250-4613-A446-420B558852B6}.Release|Any CPU.ActiveCfg = Release|Any CPU
		{3A0FF870-B250-4613-A446-420B558852B6}.Release|Any CPU.Build.0 = Release|Any CPU
		{3A0FF870-B250-4613-A446-420B558852B6}.Release|arm64.ActiveCfg = Release|Any CPU
		{3A0FF870-B250-4613-A446-420B558852B6}.Release|arm64.Build.0 = Release|Any CPU
		{3A0FF870-B250-4613-A446-420B558852B6}.Release|x64.ActiveCfg = Release|Any CPU
		{3A0FF870-B250-4613-A446-420B558852B6}.Release|x64.Build.0 = Release|Any CPU
		{3A0FF870-B250-4613-A446-420B558852B6}.Release|x86.ActiveCfg = Release|Any CPU
		{3A0FF870-B250-4613-A446-420B558852B6}.Release|x86.Build.0 = Release|Any CPU
		{42D6F2DE-4E38-4199-8622-FE8CF6F09F22}.Debug|Any CPU.ActiveCfg = Debug|Any CPU
		{42D6F2DE-4E38-4199-8622-FE8CF6F09F22}.Debug|Any CPU.Build.0 = Debug|Any CPU
		{42D6F2DE-4E38-4199-8622-FE8CF6F09F22}.Debug|arm64.ActiveCfg = Debug|Any CPU
		{42D6F2DE-4E38-4199-8622-FE8CF6F09F22}.Debug|arm64.Build.0 = Debug|Any CPU
		{42D6F2DE-4E38-4199-8622-FE8CF6F09F22}.Debug|x64.ActiveCfg = Debug|Any CPU
		{42D6F2DE-4E38-4199-8622-FE8CF6F09F22}.Debug|x64.Build.0 = Debug|Any CPU
		{42D6F2DE-4E38-4199-8622-FE8CF6F09F22}.Debug|x86.ActiveCfg = Debug|Any CPU
		{42D6F2DE-4E38-4199-8622-FE8CF6F09F22}.Debug|x86.Build.0 = Debug|Any CPU
		{42D6F2DE-4E38-4199-8622-FE8CF6F09F22}.Release|Any CPU.ActiveCfg = Release|Any CPU
		{42D6F2DE-4E38-4199-8622-FE8CF6F09F22}.Release|Any CPU.Build.0 = Release|Any CPU
		{42D6F2DE-4E38-4199-8622-FE8CF6F09F22}.Release|arm64.ActiveCfg = Release|Any CPU
		{42D6F2DE-4E38-4199-8622-FE8CF6F09F22}.Release|arm64.Build.0 = Release|Any CPU
		{42D6F2DE-4E38-4199-8622-FE8CF6F09F22}.Release|x64.ActiveCfg = Release|Any CPU
		{42D6F2DE-4E38-4199-8622-FE8CF6F09F22}.Release|x64.Build.0 = Release|Any CPU
		{42D6F2DE-4E38-4199-8622-FE8CF6F09F22}.Release|x86.ActiveCfg = Release|Any CPU
		{42D6F2DE-4E38-4199-8622-FE8CF6F09F22}.Release|x86.Build.0 = Release|Any CPU
		{9F6D6BDF-7F4A-4941-B1A7-DDEFB8F6DEAE}.Debug|Any CPU.ActiveCfg = Debug|x64
		{9F6D6BDF-7F4A-4941-B1A7-DDEFB8F6DEAE}.Debug|Any CPU.Build.0 = Debug|x64
		{9F6D6BDF-7F4A-4941-B1A7-DDEFB8F6DEAE}.Debug|Any CPU.Deploy.0 = Debug|x64
		{9F6D6BDF-7F4A-4941-B1A7-DDEFB8F6DEAE}.Debug|arm64.ActiveCfg = Debug|arm64
		{9F6D6BDF-7F4A-4941-B1A7-DDEFB8F6DEAE}.Debug|arm64.Build.0 = Debug|arm64
		{9F6D6BDF-7F4A-4941-B1A7-DDEFB8F6DEAE}.Debug|arm64.Deploy.0 = Debug|arm64
		{9F6D6BDF-7F4A-4941-B1A7-DDEFB8F6DEAE}.Debug|x64.ActiveCfg = Debug|x64
		{9F6D6BDF-7F4A-4941-B1A7-DDEFB8F6DEAE}.Debug|x64.Build.0 = Debug|x64
		{9F6D6BDF-7F4A-4941-B1A7-DDEFB8F6DEAE}.Debug|x64.Deploy.0 = Debug|x64
		{9F6D6BDF-7F4A-4941-B1A7-DDEFB8F6DEAE}.Debug|x86.ActiveCfg = Debug|x86
		{9F6D6BDF-7F4A-4941-B1A7-DDEFB8F6DEAE}.Debug|x86.Build.0 = Debug|x86
		{9F6D6BDF-7F4A-4941-B1A7-DDEFB8F6DEAE}.Debug|x86.Deploy.0 = Debug|x86
		{9F6D6BDF-7F4A-4941-B1A7-DDEFB8F6DEAE}.Release|Any CPU.ActiveCfg = Release|x64
		{9F6D6BDF-7F4A-4941-B1A7-DDEFB8F6DEAE}.Release|Any CPU.Build.0 = Release|x64
		{9F6D6BDF-7F4A-4941-B1A7-DDEFB8F6DEAE}.Release|Any CPU.Deploy.0 = Release|x64
		{9F6D6BDF-7F4A-4941-B1A7-DDEFB8F6DEAE}.Release|arm64.ActiveCfg = Release|arm64
		{9F6D6BDF-7F4A-4941-B1A7-DDEFB8F6DEAE}.Release|arm64.Build.0 = Release|arm64
		{9F6D6BDF-7F4A-4941-B1A7-DDEFB8F6DEAE}.Release|arm64.Deploy.0 = Release|arm64
		{9F6D6BDF-7F4A-4941-B1A7-DDEFB8F6DEAE}.Release|x64.ActiveCfg = Release|x64
		{9F6D6BDF-7F4A-4941-B1A7-DDEFB8F6DEAE}.Release|x64.Build.0 = Release|x64
		{9F6D6BDF-7F4A-4941-B1A7-DDEFB8F6DEAE}.Release|x64.Deploy.0 = Release|x64
		{9F6D6BDF-7F4A-4941-B1A7-DDEFB8F6DEAE}.Release|x86.ActiveCfg = Release|x86
		{9F6D6BDF-7F4A-4941-B1A7-DDEFB8F6DEAE}.Release|x86.Build.0 = Release|x86
		{9F6D6BDF-7F4A-4941-B1A7-DDEFB8F6DEAE}.Release|x86.Deploy.0 = Release|x86
		{B68EC02D-526B-4DAC-8593-3DAB80AB1510}.Debug|Any CPU.ActiveCfg = Debug|Any CPU
		{B68EC02D-526B-4DAC-8593-3DAB80AB1510}.Debug|Any CPU.Build.0 = Debug|Any CPU
		{B68EC02D-526B-4DAC-8593-3DAB80AB1510}.Debug|arm64.ActiveCfg = Debug|Any CPU
		{B68EC02D-526B-4DAC-8593-3DAB80AB1510}.Debug|arm64.Build.0 = Debug|Any CPU
		{B68EC02D-526B-4DAC-8593-3DAB80AB1510}.Debug|x64.ActiveCfg = Debug|Any CPU
		{B68EC02D-526B-4DAC-8593-3DAB80AB1510}.Debug|x64.Build.0 = Debug|Any CPU
		{B68EC02D-526B-4DAC-8593-3DAB80AB1510}.Debug|x86.ActiveCfg = Debug|Any CPU
		{B68EC02D-526B-4DAC-8593-3DAB80AB1510}.Debug|x86.Build.0 = Debug|Any CPU
		{B68EC02D-526B-4DAC-8593-3DAB80AB1510}.Release|Any CPU.ActiveCfg = Release|Any CPU
		{B68EC02D-526B-4DAC-8593-3DAB80AB1510}.Release|Any CPU.Build.0 = Release|Any CPU
		{B68EC02D-526B-4DAC-8593-3DAB80AB1510}.Release|arm64.ActiveCfg = Release|Any CPU
		{B68EC02D-526B-4DAC-8593-3DAB80AB1510}.Release|arm64.Build.0 = Release|Any CPU
		{B68EC02D-526B-4DAC-8593-3DAB80AB1510}.Release|x64.ActiveCfg = Release|Any CPU
		{B68EC02D-526B-4DAC-8593-3DAB80AB1510}.Release|x64.Build.0 = Release|Any CPU
		{B68EC02D-526B-4DAC-8593-3DAB80AB1510}.Release|x86.ActiveCfg = Release|Any CPU
		{B68EC02D-526B-4DAC-8593-3DAB80AB1510}.Release|x86.Build.0 = Release|Any CPU
	EndGlobalSection
	GlobalSection(SolutionProperties) = preSolution
		HideSolutionNode = FALSE
	EndGlobalSection
	GlobalSection(ExtensibilityGlobals) = postSolution
		SolutionGuid = {C2FE8313-30EC-4EFD-9C7F-6AEED7BD9DD0}
	EndGlobalSection
EndGlobal
